# This file is automatically @generated by Poetry 2.1.1 and should not be changed by hand.

[[package]]
name = "biopython"
version = "1.85"
description = "Freely available tools for computational molecular biology."
optional = false
python-versions = ">=3.9"
groups = ["main"]
files = [
    {file = "biopython-1.85-cp310-cp310-macosx_10_9_x86_64.whl", hash = "sha256:a6308053a61f3bdbb11504ece4cf24e264c6f1d6fad278f7e59e6b84b0d9a7b4"},
    {file = "biopython-1.85-cp310-cp310-macosx_11_0_arm64.whl", hash = "sha256:434dd23e972b0c89e128f2ebbd16b38075d609184f4f1fd16368035f923019c2"},
    {file = "biopython-1.85-cp310-cp310-manylinux_2_17_aarch64.manylinux2014_aarch64.whl", hash = "sha256:9a08d082e85778259a83501063871e00ba57336136403b75050eea14d523c00a"},
    {file = "biopython-1.85-cp310-cp310-manylinux_2_17_x86_64.manylinux2014_x86_64.whl", hash = "sha256:d93464e629950e4df87d810125dc4e904538a4344b924f340908ea5bc95db986"},
    {file = "biopython-1.85-cp310-cp310-win32.whl", hash = "sha256:f2f45ab3f1e43fdaa697fd753148999090298623278097c19c2c3c0ba134e57c"},
    {file = "biopython-1.85-cp310-cp310-win_amd64.whl", hash = "sha256:7c8326cd2825ba166abecaf72843b9b15823affd6cec04fde65f0d2526767da4"},
    {file = "biopython-1.85-cp311-cp311-macosx_10_9_x86_64.whl", hash = "sha256:db8822adab0cd75a6e6ae845acf312addd8eab5f9b731c191454b961fc2c2cdc"},
    {file = "biopython-1.85-cp311-cp311-macosx_11_0_arm64.whl", hash = "sha256:8e2bbe58cc1a592b239ef6d68396745d3fbfaafc668ce38283871d8ff070dbab"},
    {file = "biopython-1.85-cp311-cp311-manylinux_2_17_aarch64.manylinux2014_aarch64.whl", hash = "sha256:5916eb56df7ecd4a3babc07a48d4894c40cfb45dc18ccda1c148d0131017ce04"},
    {file = "biopython-1.85-cp311-cp311-manylinux_2_17_x86_64.manylinux2014_x86_64.whl", hash = "sha256:b0cec8833bf3036049129944ee5382dd576dac9670c3814ff2314b52aa94f199"},
    {file = "biopython-1.85-cp311-cp311-win32.whl", hash = "sha256:cf88a4c8d8af13138be115949639a5e4a201618185a72ff09adbe175b7946b28"},
    {file = "biopython-1.85-cp311-cp311-win_amd64.whl", hash = "sha256:d3c99db65d57ae4fc5034e42ac6cd8ddce069e664903f04c8a4f684d7609d6fa"},
    {file = "biopython-1.85-cp312-cp312-macosx_10_9_x86_64.whl", hash = "sha256:cc5b981b9e3060db7c355b6145dfe3ce0b6572e1601b31211f6d742b10543874"},
    {file = "biopython-1.85-cp312-cp312-macosx_11_0_arm64.whl", hash = "sha256:6fe47d704c2d3afac99aeb461219ec5f00273120d2d99835dc0a9a617f520141"},
    {file = "biopython-1.85-cp312-cp312-manylinux_2_17_aarch64.manylinux2014_aarch64.whl", hash = "sha256:e54e495239e623660ad367498c2f7a1a294b1997ba603f2ceafb36fd18f0eba6"},
    {file = "biopython-1.85-cp312-cp312-manylinux_2_17_x86_64.manylinux2014_x86_64.whl", hash = "sha256:d024ad48997ad53d53a77da24b072aaba8a550bd816af8f2e7e606a9918a3b43"},
    {file = "biopython-1.85-cp312-cp312-win32.whl", hash = "sha256:6985e17a2911defcbd30275a12f5ed5de2765e4bc91a60439740d572fdbfdf43"},
    {file = "biopython-1.85-cp312-cp312-win_amd64.whl", hash = "sha256:d6f8efb2db03f2ec115c5e8c764dbadf635e0c9ecd4c0e91fc8216c1b62f85f5"},
    {file = "biopython-1.85-cp313-cp313-macosx_10_13_x86_64.whl", hash = "sha256:bae6f17262f20e9587d419ba5683e9dc93a31ee1858b98fa0cff203694d5b786"},
    {file = "biopython-1.85-cp313-cp313-macosx_11_0_arm64.whl", hash = "sha256:b1e4918e6399ab0183dd863527fec18b53b7c61b6f0ef95db84b4adfa430ce75"},
    {file = "biopython-1.85-cp313-cp313-manylinux_2_17_aarch64.manylinux2014_aarch64.whl", hash = "sha256:86e487b6fe0f20a2b0138cb53f3d4dc26a7e4060ac4cb6fb1d19e194d445ef46"},
    {file = "biopython-1.85-cp313-cp313-manylinux_2_17_x86_64.manylinux2014_x86_64.whl", hash = "sha256:327184048b5a50634ae0970119bcb8a35b76d7cefb2658a01f772915f2fb7686"},
    {file = "biopython-1.85-cp313-cp313-manylinux_2_5_i686.manylinux1_i686.manylinux_2_17_i686.manylinux2014_i686.whl", hash = "sha256:66b08905fb1b3f5194f908aaf04bbad474c4e3eaebad6d9f889a04e64dd1faf4"},
    {file = "biopython-1.85-cp313-cp313-win32.whl", hash = "sha256:5a236ab1e2797c7dcf1577d80fdaafabead2908bc338eaed0aa1509dab769fef"},
    {file = "biopython-1.85-cp313-cp313-win_amd64.whl", hash = "sha256:1b61593765e9ebdb71d73307d55fd4b46eb976608d329ae6803c084d90ed34c7"},
    {file = "biopython-1.85-cp39-cp39-macosx_10_9_x86_64.whl", hash = "sha256:d76e44b46f555da2e72ac36e757efd327f7f5f690e9f00ede6f723b48538b6d5"},
    {file = "biopython-1.85-cp39-cp39-macosx_11_0_arm64.whl", hash = "sha256:8469095907a17f156c76b6644829227efdf4996164f7726e6f4ca15039329776"},
    {file = "biopython-1.85-cp39-cp39-manylinux_2_17_aarch64.manylinux2014_aarch64.whl", hash = "sha256:cffc15ac46688cd4cf662b24d03037234ce00b571df67be45a942264f101f990"},
    {file = "biopython-1.85-cp39-cp39-manylinux_2_17_x86_64.manylinux2014_x86_64.whl", hash = "sha256:9a630b3804f6c3fcae2f9b7485d7a05425e143fc570f25babbc5a4b3d3db00d7"},
    {file = "biopython-1.85-cp39-cp39-win32.whl", hash = "sha256:0ffb03cd982cb3a79326b84e789f2093880175c44eea10f3030c632f98de24f6"},
    {file = "biopython-1.85-cp39-cp39-win_amd64.whl", hash = "sha256:8208bf2d87ade066fafe9a63a2eb77486c233bc1bdda2cbf721ebee54715f1bf"},
    {file = "biopython-1.85.tar.gz", hash = "sha256:5dafab74059de4e78f49f6b5684eddae6e7ce46f09cfa059c1d1339e8b1ea0a6"},
]

[package.dependencies]
numpy = "*"

[[package]]
name = "numpy"
version = "2.0.2"
description = "Fundamental package for array computing in Python"
optional = false
python-versions = ">=3.9"
groups = ["main"]
files = [
    {file = "numpy-2.0.2-cp310-cp310-macosx_10_9_x86_64.whl", hash = "sha256:51129a29dbe56f9ca83438b706e2e69a39892b5eda6cedcb6b0c9fdc9b0d3ece"},
    {file = "numpy-2.0.2-cp310-cp310-macosx_11_0_arm64.whl", hash = "sha256:f15975dfec0cf2239224d80e32c3170b1d168335eaedee69da84fbe9f1f9cd04"},
    {file = "numpy-2.0.2-cp310-cp310-macosx_14_0_arm64.whl", hash = "sha256:8c5713284ce4e282544c68d1c3b2c7161d38c256d2eefc93c1d683cf47683e66"},
    {file = "numpy-2.0.2-cp310-cp310-macosx_14_0_x86_64.whl", hash = "sha256:becfae3ddd30736fe1889a37f1f580e245ba79a5855bff5f2a29cb3ccc22dd7b"},
    {file = "numpy-2.0.2-cp310-cp310-manylinux_2_17_aarch64.manylinux2014_aarch64.whl", hash = "sha256:2da5960c3cf0df7eafefd806d4e612c5e19358de82cb3c343631188991566ccd"},
    {file = "numpy-2.0.2-cp310-cp310-manylinux_2_17_x86_64.manylinux2014_x86_64.whl", hash = "sha256:496f71341824ed9f3d2fd36cf3ac57ae2e0165c143b55c3a035ee219413f3318"},
    {file = "numpy-2.0.2-cp310-cp310-musllinux_1_1_x86_64.whl", hash = "sha256:a61ec659f68ae254e4d237816e33171497e978140353c0c2038d46e63282d0c8"},
    {file = "numpy-2.0.2-cp310-cp310-musllinux_1_2_aarch64.whl", hash = "sha256:d731a1c6116ba289c1e9ee714b08a8ff882944d4ad631fd411106a30f083c326"},
    {file = "numpy-2.0.2-cp310-cp310-win32.whl", hash = "sha256:984d96121c9f9616cd33fbd0618b7f08e0cfc9600a7ee1d6fd9b239186d19d97"},
    {file = "numpy-2.0.2-cp310-cp310-win_amd64.whl", hash = "sha256:c7b0be4ef08607dd04da4092faee0b86607f111d5ae68036f16cc787e250a131"},
    {file = "numpy-2.0.2-cp311-cp311-macosx_10_9_x86_64.whl", hash = "sha256:49ca4decb342d66018b01932139c0961a8f9ddc7589611158cb3c27cbcf76448"},
    {file = "numpy-2.0.2-cp311-cp311-macosx_11_0_arm64.whl", hash = "sha256:11a76c372d1d37437857280aa142086476136a8c0f373b2e648ab2c8f18fb195"},
    {file = "numpy-2.0.2-cp311-cp311-macosx_14_0_arm64.whl", hash = "sha256:807ec44583fd708a21d4a11d94aedf2f4f3c3719035c76a2bbe1fe8e217bdc57"},
    {file = "numpy-2.0.2-cp311-cp311-macosx_14_0_x86_64.whl", hash = "sha256:8cafab480740e22f8d833acefed5cc87ce276f4ece12fdaa2e8903db2f82897a"},
    {file = "numpy-2.0.2-cp311-cp311-manylinux_2_17_aarch64.manylinux2014_aarch64.whl", hash = "sha256:a15f476a45e6e5a3a79d8a14e62161d27ad897381fecfa4a09ed5322f2085669"},
    {file = "numpy-2.0.2-cp311-cp311-manylinux_2_17_x86_64.manylinux2014_x86_64.whl", hash = "sha256:13e689d772146140a252c3a28501da66dfecd77490b498b168b501835041f951"},
    {file = "numpy-2.0.2-cp311-cp311-musllinux_1_1_x86_64.whl", hash = "sha256:9ea91dfb7c3d1c56a0e55657c0afb38cf1eeae4544c208dc465c3c9f3a7c09f9"},
    {file = "numpy-2.0.2-cp311-cp311-musllinux_1_2_aarch64.whl", hash = "sha256:c1c9307701fec8f3f7a1e6711f9089c06e6284b3afbbcd259f7791282d660a15"},
    {file = "numpy-2.0.2-cp311-cp311-win32.whl", hash = "sha256:a392a68bd329eafac5817e5aefeb39038c48b671afd242710b451e76090e81f4"},
    {file = "numpy-2.0.2-cp311-cp311-win_amd64.whl", hash = "sha256:286cd40ce2b7d652a6f22efdfc6d1edf879440e53e76a75955bc0c826c7e64dc"},
    {file = "numpy-2.0.2-cp312-cp312-macosx_10_9_x86_64.whl", hash = "sha256:df55d490dea7934f330006d0f81e8551ba6010a5bf035a249ef61a94f21c500b"},
    {file = "numpy-2.0.2-cp312-cp312-macosx_11_0_arm64.whl", hash = "sha256:8df823f570d9adf0978347d1f926b2a867d5608f434a7cff7f7908c6570dcf5e"},
    {file = "numpy-2.0.2-cp312-cp312-macosx_14_0_arm64.whl", hash = "sha256:9a92ae5c14811e390f3767053ff54eaee3bf84576d99a2456391401323f4ec2c"},
    {file = "numpy-2.0.2-cp312-cp312-macosx_14_0_x86_64.whl", hash = "sha256:a842d573724391493a97a62ebbb8e731f8a5dcc5d285dfc99141ca15a3302d0c"},
    {file = "numpy-2.0.2-cp312-cp312-manylinux_2_17_aarch64.manylinux2014_aarch64.whl", hash = "sha256:c05e238064fc0610c840d1cf6a13bf63d7e391717d247f1bf0318172e759e692"},
    {file = "numpy-2.0.2-cp312-cp312-manylinux_2_17_x86_64.manylinux2014_x86_64.whl", hash = "sha256:0123ffdaa88fa4ab64835dcbde75dcdf89c453c922f18dced6e27c90d1d0ec5a"},
    {file = "numpy-2.0.2-cp312-cp312-musllinux_1_1_x86_64.whl", hash = "sha256:96a55f64139912d61de9137f11bf39a55ec8faec288c75a54f93dfd39f7eb40c"},
    {file = "numpy-2.0.2-cp312-cp312-musllinux_1_2_aarch64.whl", hash = "sha256:ec9852fb39354b5a45a80bdab5ac02dd02b15f44b3804e9f00c556bf24b4bded"},
    {file = "numpy-2.0.2-cp312-cp312-win32.whl", hash = "sha256:671bec6496f83202ed2d3c8fdc486a8fc86942f2e69ff0e986140339a63bcbe5"},
    {file = "numpy-2.0.2-cp312-cp312-win_amd64.whl", hash = "sha256:cfd41e13fdc257aa5778496b8caa5e856dc4896d4ccf01841daee1d96465467a"},
    {file = "numpy-2.0.2-cp39-cp39-macosx_10_9_x86_64.whl", hash = "sha256:9059e10581ce4093f735ed23f3b9d283b9d517ff46009ddd485f1747eb22653c"},
    {file = "numpy-2.0.2-cp39-cp39-macosx_11_0_arm64.whl", hash = "sha256:423e89b23490805d2a5a96fe40ec507407b8ee786d66f7328be214f9679df6dd"},
    {file = "numpy-2.0.2-cp39-cp39-macosx_14_0_arm64.whl", hash = "sha256:2b2955fa6f11907cf7a70dab0d0755159bca87755e831e47932367fc8f2f2d0b"},
    {file = "numpy-2.0.2-cp39-cp39-macosx_14_0_x86_64.whl", hash = "sha256:97032a27bd9d8988b9a97a8c4d2c9f2c15a81f61e2f21404d7e8ef00cb5be729"},
    {file = "numpy-2.0.2-cp39-cp39-manylinux_2_17_aarch64.manylinux2014_aarch64.whl", hash = "sha256:1e795a8be3ddbac43274f18588329c72939870a16cae810c2b73461c40718ab1"},
    {file = "numpy-2.0.2-cp39-cp39-manylinux_2_17_x86_64.manylinux2014_x86_64.whl", hash = "sha256:f26b258c385842546006213344c50655ff1555a9338e2e5e02a0756dc3e803dd"},
    {file = "numpy-2.0.2-cp39-cp39-musllinux_1_1_x86_64.whl", hash = "sha256:5fec9451a7789926bcf7c2b8d187292c9f93ea30284802a0ab3f5be8ab36865d"},
    {file = "numpy-2.0.2-cp39-cp39-musllinux_1_2_aarch64.whl", hash = "sha256:9189427407d88ff25ecf8f12469d4d39d35bee1db5d39fc5c168c6f088a6956d"},
    {file = "numpy-2.0.2-cp39-cp39-win32.whl", hash = "sha256:905d16e0c60200656500c95b6b8dca5d109e23cb24abc701d41c02d74c6b3afa"},
    {file = "numpy-2.0.2-cp39-cp39-win_amd64.whl", hash = "sha256:a3f4ab0caa7f053f6797fcd4e1e25caee367db3112ef2b6ef82d749530768c73"},
    {file = "numpy-2.0.2-pp39-pypy39_pp73-macosx_10_9_x86_64.whl", hash = "sha256:7f0a0c6f12e07fa94133c8a67404322845220c06a9e80e85999afe727f7438b8"},
    {file = "numpy-2.0.2-pp39-pypy39_pp73-macosx_14_0_x86_64.whl", hash = "sha256:312950fdd060354350ed123c0e25a71327d3711584beaef30cdaa93320c392d4"},
    {file = "numpy-2.0.2-pp39-pypy39_pp73-manylinux_2_17_x86_64.manylinux2014_x86_64.whl", hash = "sha256:26df23238872200f63518dd2aa984cfca675d82469535dc7162dc2ee52d9dd5c"},
    {file = "numpy-2.0.2-pp39-pypy39_pp73-win_amd64.whl", hash = "sha256:a46288ec55ebbd58947d31d72be2c63cbf839f0a63b49cb755022310792a3385"},
    {file = "numpy-2.0.2.tar.gz", hash = "sha256:883c987dee1880e2a864ab0dc9892292582510604156762362d9326444636e78"},
]

[metadata]
lock-version = "2.1"
python-versions = ">=3.9"
content-hash = "f682458952b91d63b39166e3ce4dd3dc4c880f8fb2cb70a45d7953fa8d0b7db5"
